
Microsoft Visual Studio Solution File, Format Version 12.00
# Visual Studio Version 16
VisualStudioVersion = 16.0.32002.261
MinimumVisualStudioVersion = 10.0.40219.1
Project("{FAE04EC0-301F-11D3-BF4B-00C04F79EFBC}") = "democoreapi", "democoreapi\democoreapi.csproj", "{019E4ED9-E1C1-45FF-9E4F-B6850957AD21}"
EndProject
Project("{FAE04EC0-301F-11D3-BF4B-00C04F79EFBC}") = "democoreapi.Data", "democoreapi.Data\democoreapi.Data.csproj", "{3C8DE136-323D-4FE8-AF2E-0DD6D0BD14F3}"
EndProject
Global
	GlobalSection(SolutionConfigurationPlatforms) = preSolution
		Debug|Any CPU = Debug|Any CPU
		Release|Any CPU = Release|Any CPU
	EndGlobalSection
	GlobalSection(ProjectConfigurationPlatforms) = postSolution
		{019E4ED9-E1C1-45FF-9E4F-B6850957AD21}.Debug|Any CPU.ActiveCfg = Debug|Any CPU
		{019E4ED9-E1C1-45FF-9E4F-B6850957AD21}.Debug|Any CPU.Build.0 = Debug|Any CPU
		{019E4ED9-E1C1-45FF-9E4F-B6850957AD21}.Release|Any CPU.ActiveCfg = Release|Any CPU
		{019E4ED9-E1C1-45FF-9E4F-B6850957AD21}.Release|Any CPU.Build.0 = Release|Any CPU
		{3C8DE136-323D-4FE8-AF2E-0DD6D0BD14F3}.Debug|Any CPU.ActiveCfg = Debug|Any CPU
		{3C8DE136-323D-4FE8-AF2E-0DD6D0BD14F3}.Debug|Any CPU.Build.0 = Debug|Any CPU
		{3C8DE136-323D-4FE8-AF2E-0DD6D0BD14F3}.Release|Any CPU.ActiveCfg = Release|Any CPU
		{3C8DE136-323D-4FE8-AF2E-0DD6D0BD14F3}.Release|Any CPU.Build.0 = Release|Any CPU
	EndGlobalSection
	GlobalSection(SolutionProperties) = preSolution
		HideSolutionNode = FALSE
	EndGlobalSection
	GlobalSection(ExtensibilityGlobals) = postSolution
		SolutionGuid = {E17D5CC7-8164-447C-AC30-BBEFCF1550B0}
	EndGlobalSection
EndGlobal
